
Microsoft Visual Studio Solution File, Format Version 12.00
# Visual Studio 15
VisualStudioVersion = 15.0.28307.438
MinimumVisualStudioVersion = 10.0.40219.1
Project("{8BC9CEB8-8B4A-11D0-8D11-00A0C91BC942}") = "DrawMultipleShapes", "DrawMultipleShapes\DrawMultipleShapes.vcxproj", "{56E389DD-A2B6-4019-9657-AA3AF0A5FF38}"
EndProject
Global
	GlobalSection(SolutionConfigurationPlatforms) = preSolution
		Debug|x64 = Debug|x64
		Debug|x86 = Debug|x86
		Release|x64 = Release|x64
		Release|x86 = Release|x86
	EndGlobalSection
	GlobalSection(ProjectConfigurationPlatforms) = postSolution
		{56E389DD-A2B6-4019-9657-AA3AF0A5FF38}.Debug|x64.ActiveCfg = Debug|x64
		{56E389DD-A2B6-4019-9657-AA3AF0A5FF38}.Debug|x64.Build.0 = Debug|x64
		{56E389DD-A2B6-4019-9657-AA3AF0A5FF38}.Debug|x86.ActiveCfg = Debug|Win32
		{56E389DD-A2B6-4019-9657-AA3AF0A5FF38}.Debug|x86.Build.0 = Debug|Win32
		{56E389DD-A2B6-4019-9657-AA3AF0A5FF38}.Release|x64.ActiveCfg = Release|x64
		{56E389DD-A2B6-4019-9657-AA3AF0A5FF38}.Release|x64.Build.0 = Release|x64
		{56E389DD-A2B6-4019-9657-AA3AF0A5FF38}.Release|x86.ActiveCfg = Release|Win32
		{56E389DD-A2B6-4019-9657-AA3AF0A5FF38}.Release|x86.Build.0 = Release|Win32
	EndGlobalSection
	GlobalSection(SolutionProperties) = preSolution
		HideSolutionNode = FALSE
	EndGlobalSection
	GlobalSection(ExtensibilityGlobals) = postSolution
		SolutionGuid = {425865E0-6F90-4356-B8E4-2C4254CEC902}
	EndGlobalSection
EndGlobal
